Microsoft Visual Studio Solution File, Format Version 12.00
# Visual Studio Version 17
VisualStudioVersion = 17.5.2.0
MinimumVisualStudioVersion = 10.0.40219.1
Project("{FAE04EC0-301F-11D3-BF4B-00C04F79EFBC}") = "Jellyfin.Plugin.Template", "Jellyfin.Plugin.RecordingManager\Jellyfin.Plugin.Template.csproj", "{016A08E2-6A62-851A-DD7E-0ECFF9FED040}"
EndProject
Global
	GlobalSection(SolutionConfigurationPlatforms) = preSolution
		Debug|Any CPU = Debug|Any CPU
		Release|Any CPU = Release|Any CPU
	EndGlobalSection
	GlobalSection(ProjectConfigurationPlatforms) = postSolution
		{016A08E2-6A62-851A-DD7E-0ECFF9FED040}.Debug|Any CPU.ActiveCfg = Debug|Any CPU
		{016A08E2-6A62-851A-DD7E-0ECFF9FED040}.Debug|Any CPU.Build.0 = Debug|Any CPU
		{016A08E2-6A62-851A-DD7E-0ECFF9FED040}.Release|Any CPU.ActiveCfg = Release|Any CPU
		{016A08E2-6A62-851A-DD7E-0ECFF9FED040}.Release|Any CPU.Build.0 = Release|Any CPU
	EndGlobalSection
	GlobalSection(SolutionProperties) = preSolution
		HideSolutionNode = FALSE
	EndGlobalSection
	GlobalSection(ExtensibilityGlobals) = postSolution
		SolutionGuid = {B6704CB7-E1D2-4380-AE96-D7632BE25A33}
	EndGlobalSection
EndGlobal
